
Microsoft Visual Studio Solution File, Format Version 12.00
# Visual Studio Version 16
VisualStudioVersion = 16.0.31702.278
MinimumVisualStudioVersion = 10.0.40219.1
Project("{9A19103F-16F7-4668-BE54-9A1E7A4F7556}") = "Exercicios", "Exercicios\Exercicios.csproj", "{8ADB894A-8972-41DF-BA08-5009899C6265}"
EndProject
Project("{9A19103F-16F7-4668-BE54-9A1E7A4F7556}") = "TestesExercicios", "TestesExercicios\TestesExercicios.csproj", "{8D7C774C-3137-4268-9B70-8BB786C6D4C0}"
EndProject
Global
	GlobalSection(SolutionConfigurationPlatforms) = preSolution
		Debug|Any CPU = Debug|Any CPU
		Release|Any CPU = Release|Any CPU
	EndGlobalSection
	GlobalSection(ProjectConfigurationPlatforms) = postSolution
		{8ADB894A-8972-41DF-BA08-5009899C6265}.Debug|Any CPU.ActiveCfg = Debug|Any CPU
		{8ADB894A-8972-41DF-BA08-5009899C6265}.Debug|Any CPU.Build.0 = Debug|Any CPU
		{8ADB894A-8972-41DF-BA08-5009899C6265}.Release|Any CPU.ActiveCfg = Release|Any CPU
		{8ADB894A-8972-41DF-BA08-5009899C6265}.Release|Any CPU.Build.0 = Release|Any CPU
		{8D7C774C-3137-4268-9B70-8BB786C6D4C0}.Debug|Any CPU.ActiveCfg = Debug|Any CPU
		{8D7C774C-3137-4268-9B70-8BB786C6D4C0}.Debug|Any CPU.Build.0 = Debug|Any CPU
		{8D7C774C-3137-4268-9B70-8BB786C6D4C0}.Release|Any CPU.ActiveCfg = Release|Any CPU
		{8D7C774C-3137-4268-9B70-8BB786C6D4C0}.Release|Any CPU.Build.0 = Release|Any CPU
	EndGlobalSection
	GlobalSection(SolutionProperties) = preSolution
		HideSolutionNode = FALSE
	EndGlobalSection
	GlobalSection(ExtensibilityGlobals) = postSolution
		SolutionGuid = {7B74A67C-CD31-45DF-8370-CA3447A334F5}
	EndGlobalSection
EndGlobal
